
Microsoft Visual Studio Solution File, Format Version 11.00
# Visual Studio 2010
Project("{FAE04EC0-301F-11D3-BF4B-00C04F79EFBC}") = "Assembly-CSharp", "Assembly-CSharp.csproj", "{c42d067a-1132-bd41-fcde-c5c4c86fef26}"
EndProject
Project("{FAE04EC0-301F-11D3-BF4B-00C04F79EFBC}") = "Assembly-CSharp-Editor", "Assembly-CSharp-Editor.csproj", "{6552eb6c-8984-a61c-2285-92fc58f97abc}"
EndProject
Global
	GlobalSection(SolutionConfigurationPlatforms) = preSolution
		Debug|Any CPU = Debug|Any CPU
	EndGlobalSection
	GlobalSection(ProjectConfigurationPlatforms) = postSolution
		{c42d067a-1132-bd41-fcde-c5c4c86fef26}.Debug|Any CPU.ActiveCfg = Debug|Any CPU
		{c42d067a-1132-bd41-fcde-c5c4c86fef26}.Debug|Any CPU.Build.0 = Debug|Any CPU
		{6552eb6c-8984-a61c-2285-92fc58f97abc}.Debug|Any CPU.ActiveCfg = Debug|Any CPU
		{6552eb6c-8984-a61c-2285-92fc58f97abc}.Debug|Any CPU.Build.0 = Debug|Any CPU
	EndGlobalSection
	GlobalSection(SolutionProperties) = preSolution
		HideSolutionNode = FALSE
	EndGlobalSection
EndGlobal
